
Microsoft Visual Studio Solution File, Format Version 12.00
# Visual Studio Version 16
VisualStudioVersion = 25.0.1706.14
MinimumVisualStudioVersion = 10.0.40219.1
Project("{FAE04EC0-301F-11D3-BF4B-00C04F79EFBC}") = "tpmodul7_kelompok_1302204106", "tpmodul7_kelompok_1302204106\tpmodul7_kelompok_1302204106.csproj", "{43543FA4-5E8C-4469-9BDB-ACBACD97BE71}"
EndProject
Global
	GlobalSection(SolutionConfigurationPlatforms) = preSolution
		Debug|Any CPU = Debug|Any CPU
		Release|Any CPU = Release|Any CPU
	EndGlobalSection
	GlobalSection(ProjectConfigurationPlatforms) = postSolution
		{43543FA4-5E8C-4469-9BDB-ACBACD97BE71}.Debug|Any CPU.ActiveCfg = Debug|Any CPU
		{43543FA4-5E8C-4469-9BDB-ACBACD97BE71}.Debug|Any CPU.Build.0 = Debug|Any CPU
		{43543FA4-5E8C-4469-9BDB-ACBACD97BE71}.Release|Any CPU.ActiveCfg = Release|Any CPU
		{43543FA4-5E8C-4469-9BDB-ACBACD97BE71}.Release|Any CPU.Build.0 = Release|Any CPU
	EndGlobalSection
	GlobalSection(SolutionProperties) = preSolution
		HideSolutionNode = FALSE
	EndGlobalSection
	GlobalSection(ExtensibilityGlobals) = postSolution
		SolutionGuid = {FB1649BF-C516-4BAE-A4DB-512990747B28}
	EndGlobalSection
EndGlobal
